
Microsoft Visual Studio Solution File, Format Version 12.00
# Visual Studio Version 16
VisualStudioVersion = 16.0.32802.440
MinimumVisualStudioVersion = 10.0.40219.1
Project("{FAE04EC0-301F-11D3-BF4B-00C04F79EFBC}") = "ConsoleApp1", "ConsoleApp1\ConsoleApp1.csproj", "{C0BF4218-90DA-4ABB-8D00-94DD711953EE}"
EndProject
Project("{FAE04EC0-301F-11D3-BF4B-00C04F79EFBC}") = "ConsoleApp2", "ConsoleApp2\ConsoleApp2.csproj", "{E4A36522-3DD0-4CB7-B26E-15C10F91AF15}"
EndProject
Project("{FAE04EC0-301F-11D3-BF4B-00C04F79EFBC}") = "ConsoleApp3", "ConsoleApp3\ConsoleApp3.csproj", "{6768B9BB-8C37-414D-80F2-851F6F83CABB}"
EndProject
Global
	GlobalSection(SolutionConfigurationPlatforms) = preSolution
		Debug|Any CPU = Debug|Any CPU
		Release|Any CPU = Release|Any CPU
	EndGlobalSection
	GlobalSection(ProjectConfigurationPlatforms) = postSolution
		{C0BF4218-90DA-4ABB-8D00-94DD711953EE}.Debug|Any CPU.ActiveCfg = Debug|Any CPU
		{C0BF4218-90DA-4ABB-8D00-94DD711953EE}.Debug|Any CPU.Build.0 = Debug|Any CPU
		{C0BF4218-90DA-4ABB-8D00-94DD711953EE}.Release|Any CPU.ActiveCfg = Release|Any CPU
		{C0BF4218-90DA-4ABB-8D00-94DD711953EE}.Release|Any CPU.Build.0 = Release|Any CPU
		{E4A36522-3DD0-4CB7-B26E-15C10F91AF15}.Debug|Any CPU.ActiveCfg = Debug|Any CPU
		{E4A36522-3DD0-4CB7-B26E-15C10F91AF15}.Debug|Any CPU.Build.0 = Debug|Any CPU
		{E4A36522-3DD0-4CB7-B26E-15C10F91AF15}.Release|Any CPU.ActiveCfg = Release|Any CPU
		{E4A36522-3DD0-4CB7-B26E-15C10F91AF15}.Release|Any CPU.Build.0 = Release|Any CPU
		{6768B9BB-8C37-414D-80F2-851F6F83CABB}.Debug|Any CPU.ActiveCfg = Debug|Any CPU
		{6768B9BB-8C37-414D-80F2-851F6F83CABB}.Debug|Any CPU.Build.0 = Debug|Any CPU
		{6768B9BB-8C37-414D-80F2-851F6F83CABB}.Release|Any CPU.ActiveCfg = Release|Any CPU
		{6768B9BB-8C37-414D-80F2-851F6F83CABB}.Release|Any CPU.Build.0 = Release|Any CPU
	EndGlobalSection
	GlobalSection(SolutionProperties) = preSolution
		HideSolutionNode = FALSE
	EndGlobalSection
	GlobalSection(ExtensibilityGlobals) = postSolution
		SolutionGuid = {5C4625A1-6FEA-4A02-888A-7482FEA9E8CA}
	EndGlobalSection
EndGlobal
